
Microsoft Visual Studio Solution File, Format Version 12.00
# Visual Studio Version 17
VisualStudioVersion = 17.6.33815.320
MinimumVisualStudioVersion = 10.0.40219.1
Project("{8BC9CEB8-8B4A-11D0-8D11-00A0C91BC942}") = "DyMazin", "DyMazin.vcxproj", "{24E4FCCB-02D0-45C1-83EA-58FB719D402C}"
EndProject
Project("{8BC9CEB8-8B4A-11D0-8D11-00A0C91BC942}") = "DyMazinLib", "DyMazinLib\DyMazinLib.vcxproj", "{AEF1F796-7F90-4D1F-95E4-E9D428B42A9F}"
EndProject
Global
	GlobalSection(SolutionConfigurationPlatforms) = preSolution
		Debug|x64 = Debug|x64
		Debug|x86 = Debug|x86
		Release|x64 = Release|x64
		Release|x86 = Release|x86
	EndGlobalSection
	GlobalSection(ProjectConfigurationPlatforms) = postSolution
		{24E4FCCB-02D0-45C1-83EA-58FB719D402C}.Debug|x64.ActiveCfg = Debug|x64
		{24E4FCCB-02D0-45C1-83EA-58FB719D402C}.Debug|x64.Build.0 = Debug|x64
		{24E4FCCB-02D0-45C1-83EA-58FB719D402C}.Debug|x86.ActiveCfg = Debug|Win32
		{24E4FCCB-02D0-45C1-83EA-58FB719D402C}.Debug|x86.Build.0 = Debug|Win32
		{24E4FCCB-02D0-45C1-83EA-58FB719D402C}.Release|x64.ActiveCfg = Release|x64
		{24E4FCCB-02D0-45C1-83EA-58FB719D402C}.Release|x64.Build.0 = Release|x64
		{24E4FCCB-02D0-45C1-83EA-58FB719D402C}.Release|x86.ActiveCfg = Release|Win32
		{24E4FCCB-02D0-45C1-83EA-58FB719D402C}.Release|x86.Build.0 = Release|Win32
		{AEF1F796-7F90-4D1F-95E4-E9D428B42A9F}.Debug|x64.ActiveCfg = Debug|x64
		{AEF1F796-7F90-4D1F-95E4-E9D428B42A9F}.Debug|x64.Build.0 = Debug|x64
		{AEF1F796-7F90-4D1F-95E4-E9D428B42A9F}.Debug|x86.ActiveCfg = Debug|Win32
		{AEF1F796-7F90-4D1F-95E4-E9D428B42A9F}.Debug|x86.Build.0 = Debug|Win32
		{AEF1F796-7F90-4D1F-95E4-E9D428B42A9F}.Release|x64.ActiveCfg = Release|x64
		{AEF1F796-7F90-4D1F-95E4-E9D428B42A9F}.Release|x64.Build.0 = Release|x64
		{AEF1F796-7F90-4D1F-95E4-E9D428B42A9F}.Release|x86.ActiveCfg = Release|Win32
		{AEF1F796-7F90-4D1F-95E4-E9D428B42A9F}.Release|x86.Build.0 = Release|Win32
	EndGlobalSection
	GlobalSection(SolutionProperties) = preSolution
		HideSolutionNode = FALSE
	EndGlobalSection
	GlobalSection(ExtensibilityGlobals) = postSolution
		SolutionGuid = {8844FD52-914D-4E05-9E14-041AB3794854}
	EndGlobalSection
EndGlobal
